
Microsoft Visual Studio Solution File, Format Version 12.00
# Visual Studio Version 17
VisualStudioVersion = 17.8.34316.72
MinimumVisualStudioVersion = 10.0.40219.1
Project("{FAE04EC0-301F-11D3-BF4B-00C04F79EFBC}") = "DI_Examen3_SergioBallesteros", "DI_Examen3_SergioBallesteros\DI_Examen3_SergioBallesteros.csproj", "{F05C7149-8F92-45DF-9D35-DA83291012D1}"
EndProject
Global
	GlobalSection(SolutionConfigurationPlatforms) = preSolution
		Debug|Any CPU = Debug|Any CPU
		Release|Any CPU = Release|Any CPU
	EndGlobalSection
	GlobalSection(ProjectConfigurationPlatforms) = postSolution
		{F05C7149-8F92-45DF-9D35-DA83291012D1}.Debug|Any CPU.ActiveCfg = Debug|Any CPU
		{F05C7149-8F92-45DF-9D35-DA83291012D1}.Debug|Any CPU.Build.0 = Debug|Any CPU
		{F05C7149-8F92-45DF-9D35-DA83291012D1}.Release|Any CPU.ActiveCfg = Release|Any CPU
		{F05C7149-8F92-45DF-9D35-DA83291012D1}.Release|Any CPU.Build.0 = Release|Any CPU
	EndGlobalSection
	GlobalSection(SolutionProperties) = preSolution
		HideSolutionNode = FALSE
	EndGlobalSection
	GlobalSection(ExtensibilityGlobals) = postSolution
		SolutionGuid = {4430A054-1117-4912-AE9B-39FCF74D255C}
	EndGlobalSection
EndGlobal
