
Microsoft Visual Studio Solution File, Format Version 12.00
# Visual Studio Version 17
VisualStudioVersion = 17.8.34316.72
MinimumVisualStudioVersion = 10.0.40219.1
Project("{FAE04EC0-301F-11D3-BF4B-00C04F79EFBC}") = "Prueba1", "Prueba1\Prueba1.csproj", "{72B871D3-4960-4F68-A216-3715331F0ABF}"
EndProject
Global
	GlobalSection(SolutionConfigurationPlatforms) = preSolution
		Debug|Any CPU = Debug|Any CPU
		Release|Any CPU = Release|Any CPU
	EndGlobalSection
	GlobalSection(ProjectConfigurationPlatforms) = postSolution
		{72B871D3-4960-4F68-A216-3715331F0ABF}.Debug|Any CPU.ActiveCfg = Debug|Any CPU
		{72B871D3-4960-4F68-A216-3715331F0ABF}.Debug|Any CPU.Build.0 = Debug|Any CPU
		{72B871D3-4960-4F68-A216-3715331F0ABF}.Release|Any CPU.ActiveCfg = Release|Any CPU
		{72B871D3-4960-4F68-A216-3715331F0ABF}.Release|Any CPU.Build.0 = Release|Any CPU
	EndGlobalSection
	GlobalSection(SolutionProperties) = preSolution
		HideSolutionNode = FALSE
	EndGlobalSection
	GlobalSection(ExtensibilityGlobals) = postSolution
		SolutionGuid = {06F8DEE0-D5F0-444F-BE1E-8BF0590F5CE8}
	EndGlobalSection
EndGlobal
